
Microsoft Visual Studio Solution File, Format Version 12.00
# Visual Studio Version 16
VisualStudioVersion = 16.0.32428.217
MinimumVisualStudioVersion = 10.0.40219.1
Project("{FAE04EC0-301F-11D3-BF4B-00C04F79EFBC}") = "Project", "Project.csproj", "{59380919-3B75-4B4F-BC41-A9BE74F27243}"
EndProject
Global
	GlobalSection(SolutionConfigurationPlatforms) = preSolution
		Debug|Any CPU = Debug|Any CPU
		Release|Any CPU = Release|Any CPU
	EndGlobalSection
	GlobalSection(ProjectConfigurationPlatforms) = postSolution
		{59380919-3B75-4B4F-BC41-A9BE74F27243}.Debug|Any CPU.ActiveCfg = Debug|Any CPU
		{59380919-3B75-4B4F-BC41-A9BE74F27243}.Debug|Any CPU.Build.0 = Debug|Any CPU
		{59380919-3B75-4B4F-BC41-A9BE74F27243}.Release|Any CPU.ActiveCfg = Release|Any CPU
		{59380919-3B75-4B4F-BC41-A9BE74F27243}.Release|Any CPU.Build.0 = Release|Any CPU
	EndGlobalSection
	GlobalSection(SolutionProperties) = preSolution
		HideSolutionNode = FALSE
	EndGlobalSection
	GlobalSection(ExtensibilityGlobals) = postSolution
		SolutionGuid = {A999F2FC-837E-4161-9162-40408CFE9990}
	EndGlobalSection
EndGlobal
